{
  "lockfileVersion": 1,
  "workspaces": {
    "": {
      "name": "client",
      "dependencies": {
        "@zxcvbn-ts/core": "^3.0.4",
        "@zxcvbn-ts/language-common": "^3.0.4",
        "@zxcvbn-ts/language-en": "^3.0.2",
        "snabbdom": "^3.6.2",
      },
      "devDependencies": {
        "@types/bun": "latest",
      },
      "peerDependencies": {
        "typescript": "^5.0.0",
      },
    },
  },
  "packages": {
    "@types/bun": ["@types/bun@1.2.1", "", { "dependencies": { "bun-types": "1.2.1" } }, "sha512-iiCeMAKMkft8EPQJxSbpVRD0DKqrh91w40zunNajce3nMNNFd/LnAquVisSZC+UpTMjDwtcdyzbWct08IvEqRA=="],

    "@types/node": ["@types/node@22.12.0", "", { "dependencies": { "undici-types": "~6.20.0" } }, "sha512-Fll2FZ1riMjNmlmJOdAyY5pUbkftXslB5DgEzlIuNaiWhXd00FhWxVC/r4yV/4wBb9JfImTu+jiSvXTkJ7F/gA=="],

    "@types/ws": ["@types/ws@8.5.14", "", { "dependencies": { "@types/node": "*" } }, "sha512-bd/YFLW+URhBzMXurx7lWByOu+xzU9+kb3RboOteXYDfW+tr+JZa99OyNmPINEGB/ahzKrEuc8rcv4gnpJmxTw=="],

    "@zxcvbn-ts/core": ["@zxcvbn-ts/core@3.0.4", "", { "dependencies": { "fastest-levenshtein": "1.0.16" } }, "sha512-aQeiT0F09FuJaAqNrxynlAwZ2mW/1MdXakKWNmGM1Qp/VaY6CnB/GfnMS2T8gB2231Esp1/maCWd8vTG4OuShw=="],

    "@zxcvbn-ts/language-common": ["@zxcvbn-ts/language-common@3.0.4", "", {}, "sha512-viSNNnRYtc7ULXzxrQIVUNwHAPSXRtoIwy/Tq4XQQdIknBzw4vz36lQLF6mvhMlTIlpjoN/Z1GFu/fwiAlUSsw=="],

    "@zxcvbn-ts/language-en": ["@zxcvbn-ts/language-en@3.0.2", "", {}, "sha512-Zp+zL+I6Un2Bj0tRXNs6VUBq3Djt+hwTwUz4dkt2qgsQz47U0/XthZ4ULrT/RxjwJRl5LwiaKOOZeOtmixHnjg=="],

    "bun-types": ["bun-types@1.2.1", "", { "dependencies": { "@types/node": "*", "@types/ws": "~8.5.10" } }, "sha512-p7bmXUWmrPWxhcbFVk7oUXM5jAGt94URaoa3qf4mz43MEhNAo/ot1urzBqctgvuq7y9YxkuN51u+/qm4BiIsHw=="],

    "fastest-levenshtein": ["fastest-levenshtein@1.0.16", "", {}, "sha512-eRnCtTTtGZFpQCwhJiUOuxPQWRXVKYDn0b2PeHfXL6/Zi53SLAzAHfVhVWK2AryC/WH05kGfxhFIPvTF0SXQzg=="],

    "snabbdom": ["snabbdom@3.6.2", "", {}, "sha512-ig5qOnCDbugFntKi6c7Xlib8bA6xiJVk8O+WdFrV3wxbMqeHO0hXFQC4nAhPVWfZfi8255lcZkNhtIBINCc4+Q=="],

    "typescript": ["typescript@5.7.3", "", { "bin": { "tsc": "bin/tsc", "tsserver": "bin/tsserver" } }, "sha512-84MVSjMEHP+FQRPy3pX9sTVV/INIex71s9TL2Gm5FG/WG1SqXeKyZ0k7/blY/4FdOzI12CBy1vGc4og/eus0fw=="],

    "undici-types": ["undici-types@6.20.0", "", {}, "sha512-Ny6QZ2Nju20vw1SRHe3d9jVu6gJ+4e3+MMpqu7pqE5HT6WsTSlce++GQmK5UXS8mzV8DSYHrQH+Xrf2jVcuKNg=="],
  }
}
