version = 1
revision = 3
requires-python = "==3.13.*"

[[package]]
name = "anyio"
version = "4.13.0"
source = { registry = "https://pypi.org/simple" }
dependencies = [
    { name = "idna" },
]
sdist = { url = "https://files.pythonhosted.org/packages/19/14/2c5dd9f512b66549ae92767a9c7b330ae88e1932ca57876909410251fe13/anyio-4.13.0.tar.gz", hash = "sha256:334b70e641fd2221c1505b3890c69882fe4a2df910cba14d97019b90b24439dc", size = 231622, upload-time = "2026-03-24T12:59:09.671Z" }
wheels = [
    { url = "https://files.pythonhosted.org/packages/da/42/e921fccf5015463e32a3cf6ee7f980a6ed0f395ceeaa45060b61d86486c2/anyio-4.13.0-py3-none-any.whl", hash = "sha256:08b310f9e24a9594186fd75b4f73f4a4152069e3853f1ed8bfbf58369f4ad708", size = 114353, upload-time = "2026-03-24T12:59:08.246Z" },
]

[[package]]
name = "asgiref"
version = "3.11.1"
source = { registry = "https://pypi.org/simple" }
sdist = { url = "https://files.pythonhosted.org/packages/63/40/f03da1264ae8f7cfdbf9146542e5e7e8100a4c66ab48e791df9a03d3f6c0/asgiref-3.11.1.tar.gz", hash = "sha256:5f184dc43b7e763efe848065441eac62229c9f7b0475f41f80e207a114eda4ce", size = 38550, upload-time = "2026-02-03T13:30:14.33Z" }
wheels = [
    { url = "https://files.pythonhosted.org/packages/5c/0a/a72d10ed65068e115044937873362e6e32fab1b7dce0046aeb224682c989/asgiref-3.11.1-py3-none-any.whl", hash = "sha256:e8667a091e69529631969fd45dc268fa79b99c92c5fcdda727757e52146ec133", size = 24345, upload-time = "2026-02-03T13:30:13.039Z" },
]

[[package]]
name = "click"
version = "8.3.1"
source = { registry = "https://pypi.org/simple" }
dependencies = [
    { name = "colorama", marker = "sys_platform == 'win32'" },
]
sdist = { url = "https://files.pythonhosted.org/packages/3d/fa/656b739db8587d7b5dfa22e22ed02566950fbfbcdc20311993483657a5c0/click-8.3.1.tar.gz", hash = "sha256:12ff4785d337a1bb490bb7e9c2b1ee5da3112e94a8622f26a6c77f5d2fc6842a", size = 295065, upload-time = "2025-11-15T20:45:42.706Z" }
wheels = [
    { url = "https://files.pythonhosted.org/packages/98/78/01c019cdb5d6498122777c1a43056ebb3ebfeef2076d9d026bfe15583b2b/click-8.3.1-py3-none-any.whl", hash = "sha256:981153a64e25f12d547d3426c367a4857371575ee7ad18df2a6183ab0545b2a6", size = 108274, upload-time = "2025-11-15T20:45:41.139Z" },
]

[[package]]
name = "colorama"
version = "0.4.6"
source = { registry = "https://pypi.org/simple" }
sdist = { url = "https://files.pythonhosted.org/packages/d8/53/6f443c9a4a8358a93a6792e2acffb9d9d5cb0a5cfd8802644b7b1c9a02e4/colorama-0.4.6.tar.gz", hash = "sha256:08695f5cb7ed6e0531a20572697297273c47b8cae5a63ffc6d6ed5c201be6e44", size = 27697, upload-time = "2022-10-25T02:36:22.414Z" }
wheels = [
    { url = "https://files.pythonhosted.org/packages/d1/d6/3965ed04c63042e047cb6a3e6ed1a63a35087b6a609aa3a15ed8ac56c221/colorama-0.4.6-py2.py3-none-any.whl", hash = "sha256:4f1d9991f5acc0ca119f9d443620b77f9d6b33703e51011c16baf57afb285fc6", size = 25335, upload-time = "2022-10-25T02:36:20.889Z" },
]

[[package]]
name = "h11"
version = "0.16.0"
source = { registry = "https://pypi.org/simple" }
sdist = { url = "https://files.pythonhosted.org/packages/01/ee/02a2c011bdab74c6fb3c75474d40b3052059d95df7e73351460c8588d963/h11-0.16.0.tar.gz", hash = "sha256:4e35b956cf45792e4caa5885e69fba00bdbc6ffafbfa020300e549b208ee5ff1", size = 101250, upload-time = "2025-04-24T03:35:25.427Z" }
wheels = [
    { url = "https://files.pythonhosted.org/packages/04/4b/29cac41a4d98d144bf5f6d33995617b185d14b22401f75ca86f384e87ff1/h11-0.16.0-py3-none-any.whl", hash = "sha256:63cf8bbe7522de3bf65932fda1d9c2772064ffb3dae62d55932da54b31cb6c86", size = 37515, upload-time = "2025-04-24T03:35:24.344Z" },
]

[[package]]
name = "htmltools"
version = "0.6.0"
source = { registry = "https://pypi.org/simple" }
dependencies = [
    { name = "packaging" },
    { name = "typing-extensions" },
]
sdist = { url = "https://files.pythonhosted.org/packages/cd/1d/c568d17e9fb5ad5aa0ca3531c58d36fe69deb8eee4e53ff6425c1f99f210/htmltools-0.6.0.tar.gz", hash = "sha256:e8a3fb023d748935035db7ff17f620612ffc814a6a80b6ae388f7b7ab182adf7", size = 97152, upload-time = "2024-10-29T20:21:43.378Z" }
wheels = [
    { url = "https://files.pythonhosted.org/packages/0a/ba/aa99706246f1938ca905eb6eeb7db832ac2e157aa4b805acb5cd4cd1791a/htmltools-0.6.0-py3-none-any.whl", hash = "sha256:072a274ff5e2851e0acce13fc5bb2bbdbbad8268dc8b123f881c05012ce7dce0", size = 84954, upload-time = "2024-10-29T20:21:42.067Z" },
]

[[package]]
name = "humanize"
version = "4.15.0"
source = { registry = "https://pypi.org/simple" }
sdist = { url = "https://files.pythonhosted.org/packages/ba/66/a3921783d54be8a6870ac4ccffcd15c4dc0dd7fcce51c6d63b8c63935276/humanize-4.15.0.tar.gz", hash = "sha256:1dd098483eb1c7ee8e32eb2e99ad1910baefa4b75c3aff3a82f4d78688993b10", size = 83599, upload-time = "2025-12-20T20:16:13.19Z" }
wheels = [
    { url = "https://files.pythonhosted.org/packages/c5/7b/bca5613a0c3b542420cf92bd5e5fb8ebd5435ce1011a091f66bb7693285e/humanize-4.15.0-py3-none-any.whl", hash = "sha256:b1186eb9f5a9749cd9cb8565aee77919dd7c8d076161cf44d70e59e3301e1769", size = 132203, upload-time = "2025-12-20T20:16:11.67Z" },
]

[[package]]
name = "idna"
version = "3.11"
source = { registry = "https://pypi.org/simple" }
sdist = { url = "https://files.pythonhosted.org/packages/6f/6d/0703ccc57f3a7233505399edb88de3cbd678da106337b9fcde432b65ed60/idna-3.11.tar.gz", hash = "sha256:795dafcc9c04ed0c1fb032c2aa73654d8e8c5023a7df64a53f39190ada629902", size = 194582, upload-time = "2025-10-12T14:55:20.501Z" }
wheels = [
    { url = "https://files.pythonhosted.org/packages/0e/61/66938bbb5fc52dbdf84594873d5b51fb1f7c7794e9c0f5bd885f30bc507b/idna-3.11-py3-none-any.whl", hash = "sha256:771a87f49d9defaf64091e6e6fe9c18d4833f140bd19464795bc32d966ca37ea", size = 71008, upload-time = "2025-10-12T14:55:18.883Z" },
]

[[package]]
name = "importlib-metadata"
version = "8.7.1"
source = { registry = "https://pypi.org/simple" }
dependencies = [
    { name = "zipp" },
]
sdist = { url = "https://files.pythonhosted.org/packages/f3/49/3b30cad09e7771a4982d9975a8cbf64f00d4a1ececb53297f1d9a7be1b10/importlib_metadata-8.7.1.tar.gz", hash = "sha256:49fef1ae6440c182052f407c8d34a68f72efc36db9ca90dc0113398f2fdde8bb", size = 57107, upload-time = "2025-12-21T10:00:19.278Z" }
wheels = [
    { url = "https://files.pythonhosted.org/packages/fa/5e/f8e9a1d23b9c20a551a8a02ea3637b4642e22c2626e3a13a9a29cdea99eb/importlib_metadata-8.7.1-py3-none-any.whl", hash = "sha256:5a1f80bf1daa489495071efbb095d75a634cf28a8bc299581244063b53176151", size = 27865, upload-time = "2025-12-21T10:00:18.329Z" },
]

[[package]]
name = "linkify-it-py"
version = "2.1.0"
source = { registry = "https://pypi.org/simple" }
dependencies = [
    { name = "uc-micro-py" },
]
sdist = { url = "https://files.pythonhosted.org/packages/2e/c9/06ea13676ef354f0af6169587ae292d3e2406e212876a413bf9eece4eb23/linkify_it_py-2.1.0.tar.gz", hash = "sha256:43360231720999c10e9328dc3691160e27a718e280673d444c38d7d3aaa3b98b", size = 29158, upload-time = "2026-03-01T07:48:47.683Z" }
wheels = [
    { url = "https://files.pythonhosted.org/packages/b4/de/88b3be5c31b22333b3ca2f6ff1de4e863d8fe45aaea7485f591970ec1d3e/linkify_it_py-2.1.0-py3-none-any.whl", hash = "sha256:0d252c1594ecba2ecedc444053db5d3a9b7ec1b0dd929c8f1d74dce89f86c05e", size = 19878, upload-time = "2026-03-01T07:48:46.098Z" },
]

[[package]]
name = "markdown-it-py"
version = "4.0.0"
source = { registry = "https://pypi.org/simple" }
dependencies = [
    { name = "mdurl" },
]
sdist = { url = "https://files.pythonhosted.org/packages/5b/f5/4ec618ed16cc4f8fb3b701563655a69816155e79e24a17b651541804721d/markdown_it_py-4.0.0.tar.gz", hash = "sha256:cb0a2b4aa34f932c007117b194e945bd74e0ec24133ceb5bac59009cda1cb9f3", size = 73070, upload-time = "2025-08-11T12:57:52.854Z" }
wheels = [
    { url = "https://files.pythonhosted.org/packages/94/54/e7d793b573f298e1c9013b8c4dade17d481164aa517d1d7148619c2cedbf/markdown_it_py-4.0.0-py3-none-any.whl", hash = "sha256:87327c59b172c5011896038353a81343b6754500a08cd7a4973bb48c6d578147", size = 87321, upload-time = "2025-08-11T12:57:51.923Z" },
]

[[package]]
name = "mdit-py-plugins"
version = "0.5.0"
source = { registry = "https://pypi.org/simple" }
dependencies = [
    { name = "markdown-it-py" },
]
sdist = { url = "https://files.pythonhosted.org/packages/b2/fd/a756d36c0bfba5f6e39a1cdbdbfdd448dc02692467d83816dff4592a1ebc/mdit_py_plugins-0.5.0.tar.gz", hash = "sha256:f4918cb50119f50446560513a8e311d574ff6aaed72606ddae6d35716fe809c6", size = 44655, upload-time = "2025-08-11T07:25:49.083Z" }
wheels = [
    { url = "https://files.pythonhosted.org/packages/fb/86/dd6e5db36df29e76c7a7699123569a4a18c1623ce68d826ed96c62643cae/mdit_py_plugins-0.5.0-py3-none-any.whl", hash = "sha256:07a08422fc1936a5d26d146759e9155ea466e842f5ab2f7d2266dd084c8dab1f", size = 57205, upload-time = "2025-08-11T07:25:47.597Z" },
]

[[package]]
name = "mdurl"
version = "0.1.2"
source = { registry = "https://pypi.org/simple" }
sdist = { url = "https://files.pythonhosted.org/packages/d6/54/cfe61301667036ec958cb99bd3efefba235e65cdeb9c84d24a8293ba1d90/mdurl-0.1.2.tar.gz", hash = "sha256:bb413d29f5eea38f31dd4754dd7377d4465116fb207585f97bf925588687c1ba", size = 8729, upload-time = "2022-08-14T12:40:10.846Z" }
wheels = [
    { url = "https://files.pythonhosted.org/packages/b3/38/89ba8ad64ae25be8de66a6d463314cf1eb366222074cfda9ee839c56a4b4/mdurl-0.1.2-py3-none-any.whl", hash = "sha256:84008a41e51615a49fc9966191ff91509e3c40b939176e643fd50a5c2196b8f8", size = 9979, upload-time = "2022-08-14T12:40:09.779Z" },
]

[[package]]
name = "narwhals"
version = "2.18.1"
source = { registry = "https://pypi.org/simple" }
sdist = { url = "https://files.pythonhosted.org/packages/59/96/45218c2fdec4c9f22178f905086e85ef1a6d63862dcc3cd68eb60f1867f5/narwhals-2.18.1.tar.gz", hash = "sha256:652a1fcc9d432bbf114846688884c215f17eb118aa640b7419295d2f910d2a8b", size = 620578, upload-time = "2026-03-24T15:11:25.456Z" }
wheels = [
    { url = "https://files.pythonhosted.org/packages/3f/c3/06490e98393dcb4d6ce2bf331a39335375c300afaef526897881fbeae6ab/narwhals-2.18.1-py3-none-any.whl", hash = "sha256:a0a8bb80205323851338888ba3a12b4f65d352362c8a94be591244faf36504ad", size = 444952, upload-time = "2026-03-24T15:11:23.801Z" },
]

[[package]]
name = "opentelemetry-api"
version = "1.40.0"
source = { registry = "https://pypi.org/simple" }
dependencies = [
    { name = "importlib-metadata" },
    { name = "typing-extensions" },
]
sdist = { url = "https://files.pythonhosted.org/packages/2c/1d/4049a9e8698361cc1a1aa03a6c59e4fa4c71e0c0f94a30f988a6876a2ae6/opentelemetry_api-1.40.0.tar.gz", hash = "sha256:159be641c0b04d11e9ecd576906462773eb97ae1b657730f0ecf64d32071569f", size = 70851, upload-time = "2026-03-04T14:17:21.555Z" }
wheels = [
    { url = "https://files.pythonhosted.org/packages/5f/bf/93795954016c522008da367da292adceed71cca6ee1717e1d64c83089099/opentelemetry_api-1.40.0-py3-none-any.whl", hash = "sha256:82dd69331ae74b06f6a874704be0cfaa49a1650e1537d4a813b86ecef7d0ecf9", size = 68676, upload-time = "2026-03-04T14:17:01.24Z" },
]

[[package]]
name = "orjson"
version = "3.11.7"
source = { registry = "https://pypi.org/simple" }
sdist = { url = "https://files.pythonhosted.org/packages/53/45/b268004f745ede84e5798b48ee12b05129d19235d0e15267aa57dcdb400b/orjson-3.11.7.tar.gz", hash = "sha256:9b1a67243945819ce55d24a30b59d6a168e86220452d2c96f4d1f093e71c0c49", size = 6144992, upload-time = "2026-02-02T15:38:49.29Z" }
wheels = [
    { url = "https://files.pythonhosted.org/packages/89/25/6e0e52cac5aab51d7b6dcd257e855e1dec1c2060f6b28566c509b4665f62/orjson-3.11.7-cp313-cp313-macosx_10_15_x86_64.macosx_11_0_arm64.macosx_10_15_universal2.whl", hash = "sha256:1d98b30cc1313d52d4af17d9c3d307b08389752ec5f2e5febdfada70b0f8c733", size = 228390, upload-time = "2026-02-02T15:38:06.8Z" },
    { url = "https://files.pythonhosted.org/packages/a5/29/a77f48d2fc8a05bbc529e5ff481fb43d914f9e383ea2469d4f3d51df3d00/orjson-3.11.7-cp313-cp313-macosx_15_0_arm64.whl", hash = "sha256:d897e81f8d0cbd2abb82226d1860ad2e1ab3ff16d7b08c96ca00df9d45409ef4", size = 125189, upload-time = "2026-02-02T15:38:08.181Z" },
    { url = "https://files.pythonhosted.org/packages/89/25/0a16e0729a0e6a1504f9d1a13cdd365f030068aab64cec6958396b9969d7/orjson-3.11.7-cp313-cp313-manylinux_2_17_aarch64.manylinux2014_aarch64.whl", hash = "sha256:814be4b49b228cfc0b3c565acf642dd7d13538f966e3ccde61f4f55be3e20785", size = 128106, upload-time = "2026-02-02T15:38:09.41Z" },
    { url = "https://files.pythonhosted.org/packages/66/da/a2e505469d60666a05ab373f1a6322eb671cb2ba3a0ccfc7d4bc97196787/orjson-3.11.7-cp313-cp313-manylinux_2_17_armv7l.manylinux2014_armv7l.whl", hash = "sha256:d06e5c5fed5caedd2e540d62e5b1c25e8c82431b9e577c33537e5fa4aa909539", size = 123363, upload-time = "2026-02-02T15:38:10.73Z" },
    { url = "https://files.pythonhosted.org/packages/23/bf/ed73f88396ea35c71b38961734ea4a4746f7ca0768bf28fd551d37e48dd0/orjson-3.11.7-cp313-cp313-manylinux_2_17_i686.manylinux2014_i686.whl", hash = "sha256:31c80ce534ac4ea3739c5ee751270646cbc46e45aea7576a38ffec040b4029a1", size = 129007, upload-time = "2026-02-02T15:38:12.138Z" },
    { url = "https://files.pythonhosted.org/packages/73/3c/b05d80716f0225fc9008fbf8ab22841dcc268a626aa550561743714ce3bf/orjson-3.11.7-cp313-cp313-manylinux_2_17_ppc64le.manylinux2014_ppc64le.whl", hash = "sha256:f50979824bde13d32b4320eedd513431c921102796d86be3eee0b58e58a3ecd1", size = 141667, upload-time = "2026-02-02T15:38:13.398Z" },
    { url = "https://files.pythonhosted.org/packages/61/e8/0be9b0addd9bf86abfc938e97441dcd0375d494594b1c8ad10fe57479617/orjson-3.11.7-cp313-cp313-manylinux_2_17_s390x.manylinux2014_s390x.whl", hash = "sha256:9e54f3808e2b6b945078c41aa8d9b5834b28c50843846e97807e5adb75fa9705", size = 130832, upload-time = "2026-02-02T15:38:14.698Z" },
    { url = "https://files.pythonhosted.org/packages/c9/ec/c68e3b9021a31d9ec15a94931db1410136af862955854ed5dd7e7e4f5bff/orjson-3.11.7-cp313-cp313-manylinux_2_17_x86_64.manylinux2014_x86_64.whl", hash = "sha256:a12b80df61aab7b98b490fe9e4879925ba666fccdfcd175252ce4d9035865ace", size = 133373, upload-time = "2026-02-02T15:38:16.109Z" },
    { url = "https://files.pythonhosted.org/packages/d2/45/f3466739aaafa570cc8e77c6dbb853c48bf56e3b43738020e2661e08b0ac/orjson-3.11.7-cp313-cp313-musllinux_1_2_aarch64.whl", hash = "sha256:996b65230271f1a97026fd0e6a753f51fbc0c335d2ad0c6201f711b0da32693b", size = 138307, upload-time = "2026-02-02T15:38:17.453Z" },
    { url = "https://files.pythonhosted.org/packages/e1/84/9f7f02288da1ffb31405c1be07657afd1eecbcb4b64ee2817b6fe0f785fa/orjson-3.11.7-cp313-cp313-musllinux_1_2_armv7l.whl", hash = "sha256:ab49d4b2a6a1d415ddb9f37a21e02e0d5dbfe10b7870b21bf779fc21e9156157", size = 408695, upload-time = "2026-02-02T15:38:18.831Z" },
    { url = "https://files.pythonhosted.org/packages/18/07/9dd2f0c0104f1a0295ffbe912bc8d63307a539b900dd9e2c48ef7810d971/orjson-3.11.7-cp313-cp313-musllinux_1_2_i686.whl", hash = "sha256:390a1dce0c055ddf8adb6aa94a73b45a4a7d7177b5c584b8d1c1947f2ba60fb3", size = 144099, upload-time = "2026-02-02T15:38:20.28Z" },
    { url = "https://files.pythonhosted.org/packages/a5/66/857a8e4a3292e1f7b1b202883bcdeb43a91566cf59a93f97c53b44bd6801/orjson-3.11.7-cp313-cp313-musllinux_1_2_x86_64.whl", hash = "sha256:1eb80451a9c351a71dfaf5b7ccc13ad065405217726b59fdbeadbcc544f9d223", size = 134806, upload-time = "2026-02-02T15:38:22.186Z" },
    { url = "https://files.pythonhosted.org/packages/0a/5b/6ebcf3defc1aab3a338ca777214966851e92efb1f30dc7fc8285216e6d1b/orjson-3.11.7-cp313-cp313-win32.whl", hash = "sha256:7477aa6a6ec6139c5cb1cc7b214643592169a5494d200397c7fc95d740d5fcf3", size = 127914, upload-time = "2026-02-02T15:38:23.511Z" },
    { url = "https://files.pythonhosted.org/packages/00/04/c6f72daca5092e3117840a1b1e88dfc809cc1470cf0734890d0366b684a1/orjson-3.11.7-cp313-cp313-win_amd64.whl", hash = "sha256:b9f95dcdea9d4f805daa9ddf02617a89e484c6985fa03055459f90e87d7a0757", size = 124986, upload-time = "2026-02-02T15:38:24.836Z" },
    { url = "https://files.pythonhosted.org/packages/03/ba/077a0f6f1085d6b806937246860fafbd5b17f3919c70ee3f3d8d9c713f38/orjson-3.11.7-cp313-cp313-win_arm64.whl", hash = "sha256:800988273a014a0541483dc81021247d7eacb0c845a9d1a34a422bc718f41539", size = 126045, upload-time = "2026-02-02T15:38:26.216Z" },
]

[[package]]
name = "packaging"
version = "26.0"
source = { registry = "https://pypi.org/simple" }
sdist = { url = "https://files.pythonhosted.org/packages/65/ee/299d360cdc32edc7d2cf530f3accf79c4fca01e96ffc950d8a52213bd8e4/packaging-26.0.tar.gz", hash = "sha256:00243ae351a257117b6a241061796684b084ed1c516a08c48a3f7e147a9d80b4", size = 143416, upload-time = "2026-01-21T20:50:39.064Z" }
wheels = [
    { url = "https://files.pythonhosted.org/packages/b7/b9/c538f279a4e237a006a2c98387d081e9eb060d203d8ed34467cc0f0b9b53/packaging-26.0-py3-none-any.whl", hash = "sha256:b36f1fef9334a5588b4166f8bcd26a14e521f2b55e6b9de3aaa80d3ff7a37529", size = 74366, upload-time = "2026-01-21T20:50:37.788Z" },
]

[[package]]
name = "platformdirs"
version = "4.9.4"
source = { registry = "https://pypi.org/simple" }
sdist = { url = "https://files.pythonhosted.org/packages/19/56/8d4c30c8a1d07013911a8fdbd8f89440ef9f08d07a1b50ab8ca8be5a20f9/platformdirs-4.9.4.tar.gz", hash = "sha256:1ec356301b7dc906d83f371c8f487070e99d3ccf9e501686456394622a01a934", size = 28737, upload-time = "2026-03-05T18:34:13.271Z" }
wheels = [
    { url = "https://files.pythonhosted.org/packages/63/d7/97f7e3a6abb67d8080dd406fd4df842c2be0efaf712d1c899c32a075027c/platformdirs-4.9.4-py3-none-any.whl", hash = "sha256:68a9a4619a666ea6439f2ff250c12a853cd1cbd5158d258bd824a7df6be2f868", size = 21216, upload-time = "2026-03-05T18:34:12.172Z" },
]

[[package]]
name = "prompt-toolkit"
version = "3.0.52"
source = { registry = "https://pypi.org/simple" }
dependencies = [
    { name = "wcwidth" },
]
sdist = { url = "https://files.pythonhosted.org/packages/a1/96/06e01a7b38dce6fe1db213e061a4602dd6032a8a97ef6c1a862537732421/prompt_toolkit-3.0.52.tar.gz", hash = "sha256:28cde192929c8e7321de85de1ddbe736f1375148b02f2e17edd840042b1be855", size = 434198, upload-time = "2025-08-27T15:24:02.057Z" }
wheels = [
    { url = "https://files.pythonhosted.org/packages/84/03/0d3ce49e2505ae70cf43bc5bb3033955d2fc9f932163e84dc0779cc47f48/prompt_toolkit-3.0.52-py3-none-any.whl", hash = "sha256:9aac639a3bbd33284347de5ad8d68ecc044b91a762dc39b7c21095fcd6a19955", size = 391431, upload-time = "2025-08-27T15:23:59.498Z" },
]

[[package]]
name = "python-multipart"
version = "0.0.22"
source = { registry = "https://pypi.org/simple" }
sdist = { url = "https://files.pythonhosted.org/packages/94/01/979e98d542a70714b0cb2b6728ed0b7c46792b695e3eaec3e20711271ca3/python_multipart-0.0.22.tar.gz", hash = "sha256:7340bef99a7e0032613f56dc36027b959fd3b30a787ed62d310e951f7c3a3a58", size = 37612, upload-time = "2026-01-25T10:15:56.219Z" }
wheels = [
    { url = "https://files.pythonhosted.org/packages/1b/d0/397f9626e711ff749a95d96b7af99b9c566a9bb5129b8e4c10fc4d100304/python_multipart-0.0.22-py3-none-any.whl", hash = "sha256:2b2cd894c83d21bf49d702499531c7bafd057d730c201782048f7945d82de155", size = 24579, upload-time = "2026-01-25T10:15:54.811Z" },
]

[[package]]
name = "questionary"
version = "2.1.1"
source = { registry = "https://pypi.org/simple" }
dependencies = [
    { name = "prompt-toolkit" },
]
sdist = { url = "https://files.pythonhosted.org/packages/f6/45/eafb0bba0f9988f6a2520f9ca2df2c82ddfa8d67c95d6625452e97b204a5/questionary-2.1.1.tar.gz", hash = "sha256:3d7e980292bb0107abaa79c68dd3eee3c561b83a0f89ae482860b181c8bd412d", size = 25845, upload-time = "2025-08-28T19:00:20.851Z" }
wheels = [
    { url = "https://files.pythonhosted.org/packages/3c/26/1062c7ec1b053db9e499b4d2d5bc231743201b74051c973dadeac80a8f43/questionary-2.1.1-py3-none-any.whl", hash = "sha256:a51af13f345f1cdea62347589fbb6df3b290306ab8930713bfae4d475a7d4a59", size = 36753, upload-time = "2025-08-28T19:00:19.56Z" },
]

[[package]]
name = "setuptools"
version = "82.0.1"
source = { registry = "https://pypi.org/simple" }
sdist = { url = "https://files.pythonhosted.org/packages/4f/db/cfac1baf10650ab4d1c111714410d2fbb77ac5a616db26775db562c8fab2/setuptools-82.0.1.tar.gz", hash = "sha256:7d872682c5d01cfde07da7bccc7b65469d3dca203318515ada1de5eda35efbf9", size = 1152316, upload-time = "2026-03-09T12:47:17.221Z" }
wheels = [
    { url = "https://files.pythonhosted.org/packages/9d/76/f789f7a86709c6b087c5a2f52f911838cad707cc613162401badc665acfe/setuptools-82.0.1-py3-none-any.whl", hash = "sha256:a59e362652f08dcd477c78bb6e7bd9d80a7995bc73ce773050228a348ce2e5bb", size = 1006223, upload-time = "2026-03-09T12:47:15.026Z" },
]

[[package]]
name = "shabti-web"
version = "0.1.0"
source = { virtual = "." }
dependencies = [
    { name = "htmltools" },
    { name = "humanize" },
    { name = "shiny" },
    { name = "shinyswatch" },
    { name = "tqdm" },
]

[package.metadata]
requires-dist = [
    { name = "htmltools", specifier = "==0.6.0" },
    { name = "humanize", specifier = "==4.15.0" },
    { name = "shiny", specifier = "==1.6.0" },
    { name = "shinyswatch", specifier = "==0.10.0" },
    { name = "tqdm", specifier = "==4.67.3" },
]

[[package]]
name = "shiny"
version = "1.6.0"
source = { registry = "https://pypi.org/simple" }
dependencies = [
    { name = "asgiref" },
    { name = "click", marker = "sys_platform != 'emscripten'" },
    { name = "htmltools" },
    { name = "linkify-it-py" },
    { name = "markdown-it-py" },
    { name = "mdit-py-plugins" },
    { name = "narwhals" },
    { name = "opentelemetry-api" },
    { name = "orjson" },
    { name = "packaging" },
    { name = "platformdirs" },
    { name = "prompt-toolkit", marker = "sys_platform != 'emscripten'" },
    { name = "python-multipart", marker = "sys_platform != 'emscripten'" },
    { name = "questionary", marker = "sys_platform != 'emscripten'" },
    { name = "setuptools" },
    { name = "shinychat" },
    { name = "starlette" },
    { name = "typing-extensions" },
    { name = "uvicorn", marker = "sys_platform != 'emscripten'" },
    { name = "watchfiles", marker = "sys_platform != 'emscripten'" },
    { name = "websockets" },
]
sdist = { url = "https://files.pythonhosted.org/packages/ee/f2/d75ad19f6fa0cb244ff04990c61aa28d88300c69d6220dec3ffb8f3e29eb/shiny-1.6.0.tar.gz", hash = "sha256:54bec20a9cfde0dd3a36a9873863be7dbb4729a33fe7abc9ad9488df6efd6f58", size = 5079489, upload-time = "2026-03-20T20:42:58.2Z" }
wheels = [
    { url = "https://files.pythonhosted.org/packages/ba/30/d442d84e873786cd31b4bdf69b5981119953ebcbdeaf1988c98bf5a9703b/shiny-1.6.0-py3-none-any.whl", hash = "sha256:8e8ae840f565ecf4fb856a843fdc2d73c39e8ffe78141ccc29d802ecfce3657b", size = 3908742, upload-time = "2026-03-20T20:42:56.535Z" },
]

[[package]]
name = "shinychat"
version = "0.2.9"
source = { registry = "https://pypi.org/simple" }
dependencies = [
    { name = "htmltools" },
    { name = "shiny" },
]
sdist = { url = "https://files.pythonhosted.org/packages/47/34/4aae4d21ae2603b40a99ce12d34848f271c076cbb112aac528242093751d/shinychat-0.2.9.tar.gz", hash = "sha256:59d48522dc0d04d0a89bbf33d3e1a9b5b21378405563d0692f1abff151f2d1aa", size = 547957, upload-time = "2026-02-09T15:58:09.117Z" }
wheels = [
    { url = "https://files.pythonhosted.org/packages/8d/27/f1115e431e7156b268c5792b15a3abbe12ed5b45dd9f96f041da93ae9335/shinychat-0.2.9-py3-none-any.whl", hash = "sha256:20e2101b22dfa2eeb5318e95b622e62ddcf5f2dd8cebe870c36673dd8eb4d901", size = 561839, upload-time = "2026-02-09T15:58:07.279Z" },
]

[[package]]
name = "shinyswatch"
version = "0.10.0"
source = { registry = "https://pypi.org/simple" }
dependencies = [
    { name = "htmltools" },
    { name = "packaging" },
    { name = "shiny" },
    { name = "typing-extensions" },
]
sdist = { url = "https://files.pythonhosted.org/packages/0f/02/09f4f3aa08bf8cb65505df2b890352ca4e8d1ec40006acafdd5c580041df/shinyswatch-0.10.0.tar.gz", hash = "sha256:8a5320b39210f1d17209c1b850af3ffde8eff17f14f80cb59e618e31c730d59d", size = 1342646, upload-time = "2026-03-20T20:49:04.136Z" }
wheels = [
    { url = "https://files.pythonhosted.org/packages/2d/aa/ee71cc77cc9a3c3cf33096d65ab9cd3824536e3749eeffc9d08939da1032/shinyswatch-0.10.0-py3-none-any.whl", hash = "sha256:5164f3677a2e15794349fc90e6e3bf5d33b753d4cf21a44cff6510d8e8b06d83", size = 1357657, upload-time = "2026-03-20T20:49:02.543Z" },
]

[[package]]
name = "starlette"
version = "1.0.0"
source = { registry = "https://pypi.org/simple" }
dependencies = [
    { name = "anyio" },
]
sdist = { url = "https://files.pythonhosted.org/packages/81/69/17425771797c36cded50b7fe44e850315d039f28b15901ab44839e70b593/starlette-1.0.0.tar.gz", hash = "sha256:6a4beaf1f81bb472fd19ea9b918b50dc3a77a6f2e190a12954b25e6ed5eea149", size = 2655289, upload-time = "2026-03-22T18:29:46.779Z" }
wheels = [
    { url = "https://files.pythonhosted.org/packages/0b/c9/584bc9651441b4ba60cc4d557d8a547b5aff901af35bda3a4ee30c819b82/starlette-1.0.0-py3-none-any.whl", hash = "sha256:d3ec55e0bb321692d275455ddfd3df75fff145d009685eb40dc91fc66b03d38b", size = 72651, upload-time = "2026-03-22T18:29:45.111Z" },
]

[[package]]
name = "tqdm"
version = "4.67.3"
source = { registry = "https://pypi.org/simple" }
dependencies = [
    { name = "colorama", marker = "sys_platform == 'win32'" },
]
sdist = { url = "https://files.pythonhosted.org/packages/09/a9/6ba95a270c6f1fbcd8dac228323f2777d886cb206987444e4bce66338dd4/tqdm-4.67.3.tar.gz", hash = "sha256:7d825f03f89244ef73f1d4ce193cb1774a8179fd96f31d7e1dcde62092b960bb", size = 169598, upload-time = "2026-02-03T17:35:53.048Z" }
wheels = [
    { url = "https://files.pythonhosted.org/packages/16/e1/3079a9ff9b8e11b846c6ac5c8b5bfb7ff225eee721825310c91b3b50304f/tqdm-4.67.3-py3-none-any.whl", hash = "sha256:ee1e4c0e59148062281c49d80b25b67771a127c85fc9676d3be5f243206826bf", size = 78374, upload-time = "2026-02-03T17:35:50.982Z" },
]

[[package]]
name = "typing-extensions"
version = "4.15.0"
source = { registry = "https://pypi.org/simple" }
sdist = { url = "https://files.pythonhosted.org/packages/72/94/1a15dd82efb362ac84269196e94cf00f187f7ed21c242792a923cdb1c61f/typing_extensions-4.15.0.tar.gz", hash = "sha256:0cea48d173cc12fa28ecabc3b837ea3cf6f38c6d1136f85cbaaf598984861466", size = 109391, upload-time = "2025-08-25T13:49:26.313Z" }
wheels = [
    { url = "https://files.pythonhosted.org/packages/18/67/36e9267722cc04a6b9f15c7f3441c2363321a3ea07da7ae0c0707beb2a9c/typing_extensions-4.15.0-py3-none-any.whl", hash = "sha256:f0fa19c6845758ab08074a0cfa8b7aecb71c999ca73d62883bc25cc018c4e548", size = 44614, upload-time = "2025-08-25T13:49:24.86Z" },
]

[[package]]
name = "uc-micro-py"
version = "2.0.0"
source = { registry = "https://pypi.org/simple" }
sdist = { url = "https://files.pythonhosted.org/packages/78/67/9a363818028526e2d4579334460df777115bdec1bb77c08f9db88f6389f2/uc_micro_py-2.0.0.tar.gz", hash = "sha256:c53691e495c8db60e16ffc4861a35469b0ba0821fe409a8a7a0a71864d33a811", size = 6611, upload-time = "2026-03-01T06:31:27.526Z" }
wheels = [
    { url = "https://files.pythonhosted.org/packages/61/73/d21edf5b204d1467e06500080a50f79d49ef2b997c79123a536d4a17d97c/uc_micro_py-2.0.0-py3-none-any.whl", hash = "sha256:3603a3859af53e5a39bc7677713c78ea6589ff188d70f4fee165db88e22b242c", size = 6383, upload-time = "2026-03-01T06:31:26.257Z" },
]

[[package]]
name = "uvicorn"
version = "0.42.0"
source = { registry = "https://pypi.org/simple" }
dependencies = [
    { name = "click" },
    { name = "h11" },
]
sdist = { url = "https://files.pythonhosted.org/packages/e3/ad/4a96c425be6fb67e0621e62d86c402b4a17ab2be7f7c055d9bd2f638b9e2/uvicorn-0.42.0.tar.gz", hash = "sha256:9b1f190ce15a2dd22e7758651d9b6d12df09a13d51ba5bf4fc33c383a48e1775", size = 85393, upload-time = "2026-03-16T06:19:50.077Z" }
wheels = [
    { url = "https://files.pythonhosted.org/packages/0a/89/f8827ccff89c1586027a105e5630ff6139a64da2515e24dafe860bd9ae4d/uvicorn-0.42.0-py3-none-any.whl", hash = "sha256:96c30f5c7abe6f74ae8900a70e92b85ad6613b745d4879eb9b16ccad15645359", size = 68830, upload-time = "2026-03-16T06:19:48.325Z" },
]

[[package]]
name = "watchfiles"
version = "1.1.1"
source = { registry = "https://pypi.org/simple" }
dependencies = [
    { name = "anyio" },
]
sdist = { url = "https://files.pythonhosted.org/packages/c2/c9/8869df9b2a2d6c59d79220a4db37679e74f807c559ffe5265e08b227a210/watchfiles-1.1.1.tar.gz", hash = "sha256:a173cb5c16c4f40ab19cecf48a534c409f7ea983ab8fed0741304a1c0a31b3f2", size = 94440, upload-time = "2025-10-14T15:06:21.08Z" }
wheels = [
    { url = "https://files.pythonhosted.org/packages/bb/f4/f750b29225fe77139f7ae5de89d4949f5a99f934c65a1f1c0b248f26f747/watchfiles-1.1.1-cp313-cp313-macosx_10_12_x86_64.whl", hash = "sha256:130e4876309e8686a5e37dba7d5e9bc77e6ed908266996ca26572437a5271e18", size = 404321, upload-time = "2025-10-14T15:05:02.063Z" },
    { url = "https://files.pythonhosted.org/packages/2b/f9/f07a295cde762644aa4c4bb0f88921d2d141af45e735b965fb2e87858328/watchfiles-1.1.1-cp313-cp313-macosx_11_0_arm64.whl", hash = "sha256:5f3bde70f157f84ece3765b42b4a52c6ac1a50334903c6eaf765362f6ccca88a", size = 391783, upload-time = "2025-10-14T15:05:03.052Z" },
    { url = "https://files.pythonhosted.org/packages/bc/11/fc2502457e0bea39a5c958d86d2cb69e407a4d00b85735ca724bfa6e0d1a/watchfiles-1.1.1-cp313-cp313-manylinux_2_17_aarch64.manylinux2014_aarch64.whl", hash = "sha256:14e0b1fe858430fc0251737ef3824c54027bedb8c37c38114488b8e131cf8219", size = 449279, upload-time = "2025-10-14T15:05:04.004Z" },
    { url = "https://files.pythonhosted.org/packages/e3/1f/d66bc15ea0b728df3ed96a539c777acfcad0eb78555ad9efcaa1274688f0/watchfiles-1.1.1-cp313-cp313-manylinux_2_17_armv7l.manylinux2014_armv7l.whl", hash = "sha256:f27db948078f3823a6bb3b465180db8ebecf26dd5dae6f6180bd87383b6b4428", size = 459405, upload-time = "2025-10-14T15:05:04.942Z" },
    { url = "https://files.pythonhosted.org/packages/be/90/9f4a65c0aec3ccf032703e6db02d89a157462fbb2cf20dd415128251cac0/watchfiles-1.1.1-cp313-cp313-manylinux_2_17_i686.manylinux2014_i686.whl", hash = "sha256:059098c3a429f62fc98e8ec62b982230ef2c8df68c79e826e37b895bc359a9c0", size = 488976, upload-time = "2025-10-14T15:05:05.905Z" },
    { url = "https://files.pythonhosted.org/packages/37/57/ee347af605d867f712be7029bb94c8c071732a4b44792e3176fa3c612d39/watchfiles-1.1.1-cp313-cp313-manylinux_2_17_ppc64le.manylinux2014_ppc64le.whl", hash = "sha256:bfb5862016acc9b869bb57284e6cb35fdf8e22fe59f7548858e2f971d045f150", size = 595506, upload-time = "2025-10-14T15:05:06.906Z" },
    { url = "https://files.pythonhosted.org/packages/a8/78/cc5ab0b86c122047f75e8fc471c67a04dee395daf847d3e59381996c8707/watchfiles-1.1.1-cp313-cp313-manylinux_2_17_s390x.manylinux2014_s390x.whl", hash = "sha256:319b27255aacd9923b8a276bb14d21a5f7ff82564c744235fc5eae58d95422ae", size = 474936, upload-time = "2025-10-14T15:05:07.906Z" },
    { url = "https://files.pythonhosted.org/packages/62/da/def65b170a3815af7bd40a3e7010bf6ab53089ef1b75d05dd5385b87cf08/watchfiles-1.1.1-cp313-cp313-manylinux_2_17_x86_64.manylinux2014_x86_64.whl", hash = "sha256:c755367e51db90e75b19454b680903631d41f9e3607fbd941d296a020c2d752d", size = 456147, upload-time = "2025-10-14T15:05:09.138Z" },
    { url = "https://files.pythonhosted.org/packages/57/99/da6573ba71166e82d288d4df0839128004c67d2778d3b566c138695f5c0b/watchfiles-1.1.1-cp313-cp313-musllinux_1_1_aarch64.whl", hash = "sha256:c22c776292a23bfc7237a98f791b9ad3144b02116ff10d820829ce62dff46d0b", size = 630007, upload-time = "2025-10-14T15:05:10.117Z" },
    { url = "https://files.pythonhosted.org/packages/a8/51/7439c4dd39511368849eb1e53279cd3454b4a4dbace80bab88feeb83c6b5/watchfiles-1.1.1-cp313-cp313-musllinux_1_1_x86_64.whl", hash = "sha256:3a476189be23c3686bc2f4321dd501cb329c0a0469e77b7b534ee10129ae6374", size = 622280, upload-time = "2025-10-14T15:05:11.146Z" },
    { url = "https://files.pythonhosted.org/packages/95/9c/8ed97d4bba5db6fdcdb2b298d3898f2dd5c20f6b73aee04eabe56c59677e/watchfiles-1.1.1-cp313-cp313-win32.whl", hash = "sha256:bf0a91bfb5574a2f7fc223cf95eeea79abfefa404bf1ea5e339c0c1560ae99a0", size = 272056, upload-time = "2025-10-14T15:05:12.156Z" },
    { url = "https://files.pythonhosted.org/packages/1f/f3/c14e28429f744a260d8ceae18bf58c1d5fa56b50d006a7a9f80e1882cb0d/watchfiles-1.1.1-cp313-cp313-win_amd64.whl", hash = "sha256:52e06553899e11e8074503c8e716d574adeeb7e68913115c4b3653c53f9bae42", size = 288162, upload-time = "2025-10-14T15:05:13.208Z" },
    { url = "https://files.pythonhosted.org/packages/dc/61/fe0e56c40d5cd29523e398d31153218718c5786b5e636d9ae8ae79453d27/watchfiles-1.1.1-cp313-cp313-win_arm64.whl", hash = "sha256:ac3cc5759570cd02662b15fbcd9d917f7ecd47efe0d6b40474eafd246f91ea18", size = 277909, upload-time = "2025-10-14T15:05:14.49Z" },
    { url = "https://files.pythonhosted.org/packages/79/42/e0a7d749626f1e28c7108a99fb9bf524b501bbbeb9b261ceecde644d5a07/watchfiles-1.1.1-cp313-cp313t-macosx_10_12_x86_64.whl", hash = "sha256:563b116874a9a7ce6f96f87cd0b94f7faf92d08d0021e837796f0a14318ef8da", size = 403389, upload-time = "2025-10-14T15:05:15.777Z" },
    { url = "https://files.pythonhosted.org/packages/15/49/08732f90ce0fbbc13913f9f215c689cfc9ced345fb1bcd8829a50007cc8d/watchfiles-1.1.1-cp313-cp313t-macosx_11_0_arm64.whl", hash = "sha256:3ad9fe1dae4ab4212d8c91e80b832425e24f421703b5a42ef2e4a1e215aff051", size = 389964, upload-time = "2025-10-14T15:05:16.85Z" },
    { url = "https://files.pythonhosted.org/packages/27/0d/7c315d4bd5f2538910491a0393c56bf70d333d51bc5b34bee8e68e8cea19/watchfiles-1.1.1-cp313-cp313t-manylinux_2_17_aarch64.manylinux2014_aarch64.whl", hash = "sha256:ce70f96a46b894b36eba678f153f052967a0d06d5b5a19b336ab0dbbd029f73e", size = 448114, upload-time = "2025-10-14T15:05:17.876Z" },
    { url = "https://files.pythonhosted.org/packages/c3/24/9e096de47a4d11bc4df41e9d1e61776393eac4cb6eb11b3e23315b78b2cc/watchfiles-1.1.1-cp313-cp313t-manylinux_2_17_armv7l.manylinux2014_armv7l.whl", hash = "sha256:cb467c999c2eff23a6417e58d75e5828716f42ed8289fe6b77a7e5a91036ca70", size = 460264, upload-time = "2025-10-14T15:05:18.962Z" },
    { url = "https://files.pythonhosted.org/packages/cc/0f/e8dea6375f1d3ba5fcb0b3583e2b493e77379834c74fd5a22d66d85d6540/watchfiles-1.1.1-cp313-cp313t-manylinux_2_17_i686.manylinux2014_i686.whl", hash = "sha256:836398932192dae4146c8f6f737d74baeac8b70ce14831a239bdb1ca882fc261", size = 487877, upload-time = "2025-10-14T15:05:20.094Z" },
    { url = "https://files.pythonhosted.org/packages/ac/5b/df24cfc6424a12deb41503b64d42fbea6b8cb357ec62ca84a5a3476f654a/watchfiles-1.1.1-cp313-cp313t-manylinux_2_17_ppc64le.manylinux2014_ppc64le.whl", hash = "sha256:743185e7372b7bc7c389e1badcc606931a827112fbbd37f14c537320fca08620", size = 595176, upload-time = "2025-10-14T15:05:21.134Z" },
    { url = "https://files.pythonhosted.org/packages/8f/b5/853b6757f7347de4e9b37e8cc3289283fb983cba1ab4d2d7144694871d9c/watchfiles-1.1.1-cp313-cp313t-manylinux_2_17_s390x.manylinux2014_s390x.whl", hash = "sha256:afaeff7696e0ad9f02cbb8f56365ff4686ab205fcf9c4c5b6fdfaaa16549dd04", size = 473577, upload-time = "2025-10-14T15:05:22.306Z" },
    { url = "https://files.pythonhosted.org/packages/e1/f7/0a4467be0a56e80447c8529c9fce5b38eab4f513cb3d9bf82e7392a5696b/watchfiles-1.1.1-cp313-cp313t-manylinux_2_17_x86_64.manylinux2014_x86_64.whl", hash = "sha256:3f7eb7da0eb23aa2ba036d4f616d46906013a68caf61b7fdbe42fc8b25132e77", size = 455425, upload-time = "2025-10-14T15:05:23.348Z" },
    { url = "https://files.pythonhosted.org/packages/8e/e0/82583485ea00137ddf69bc84a2db88bd92ab4a6e3c405e5fb878ead8d0e7/watchfiles-1.1.1-cp313-cp313t-musllinux_1_1_aarch64.whl", hash = "sha256:831a62658609f0e5c64178211c942ace999517f5770fe9436be4c2faeba0c0ef", size = 628826, upload-time = "2025-10-14T15:05:24.398Z" },
    { url = "https://files.pythonhosted.org/packages/28/9a/a785356fccf9fae84c0cc90570f11702ae9571036fb25932f1242c82191c/watchfiles-1.1.1-cp313-cp313t-musllinux_1_1_x86_64.whl", hash = "sha256:f9a2ae5c91cecc9edd47e041a930490c31c3afb1f5e6d71de3dc671bfaca02bf", size = 622208, upload-time = "2025-10-14T15:05:25.45Z" },
]

[[package]]
name = "wcwidth"
version = "0.6.0"
source = { registry = "https://pypi.org/simple" }
sdist = { url = "https://files.pythonhosted.org/packages/35/a2/8e3becb46433538a38726c948d3399905a4c7cabd0df578ede5dc51f0ec2/wcwidth-0.6.0.tar.gz", hash = "sha256:cdc4e4262d6ef9a1a57e018384cbeb1208d8abbc64176027e2c2455c81313159", size = 159684, upload-time = "2026-02-06T19:19:40.919Z" }
wheels = [
    { url = "https://files.pythonhosted.org/packages/68/5a/199c59e0a824a3db2b89c5d2dade7ab5f9624dbf6448dc291b46d5ec94d3/wcwidth-0.6.0-py3-none-any.whl", hash = "sha256:1a3a1e510b553315f8e146c54764f4fb6264ffad731b3d78088cdb1478ffbdad", size = 94189, upload-time = "2026-02-06T19:19:39.646Z" },
]

[[package]]
name = "websockets"
version = "16.0"
source = { registry = "https://pypi.org/simple" }
sdist = { url = "https://files.pythonhosted.org/packages/04/24/4b2031d72e840ce4c1ccb255f693b15c334757fc50023e4db9537080b8c4/websockets-16.0.tar.gz", hash = "sha256:5f6261a5e56e8d5c42a4497b364ea24d94d9563e8fbd44e78ac40879c60179b5", size = 179346, upload-time = "2026-01-10T09:23:47.181Z" }
wheels = [
    { url = "https://files.pythonhosted.org/packages/cc/9c/baa8456050d1c1b08dd0ec7346026668cbc6f145ab4e314d707bb845bf0d/websockets-16.0-cp313-cp313-macosx_10_13_universal2.whl", hash = "sha256:878b336ac47938b474c8f982ac2f7266a540adc3fa4ad74ae96fea9823a02cc9", size = 177364, upload-time = "2026-01-10T09:22:59.333Z" },
    { url = "https://files.pythonhosted.org/packages/7e/0c/8811fc53e9bcff68fe7de2bcbe75116a8d959ac699a3200f4847a8925210/websockets-16.0-cp313-cp313-macosx_10_13_x86_64.whl", hash = "sha256:52a0fec0e6c8d9a784c2c78276a48a2bdf099e4ccc2a4cad53b27718dbfd0230", size = 175039, upload-time = "2026-01-10T09:23:01.171Z" },
    { url = "https://files.pythonhosted.org/packages/aa/82/39a5f910cb99ec0b59e482971238c845af9220d3ab9fa76dd9162cda9d62/websockets-16.0-cp313-cp313-macosx_11_0_arm64.whl", hash = "sha256:e6578ed5b6981005df1860a56e3617f14a6c307e6a71b4fff8c48fdc50f3ed2c", size = 175323, upload-time = "2026-01-10T09:23:02.341Z" },
    { url = "https://files.pythonhosted.org/packages/bd/28/0a25ee5342eb5d5f297d992a77e56892ecb65e7854c7898fb7d35e9b33bd/websockets-16.0-cp313-cp313-manylinux1_x86_64.manylinux_2_28_x86_64.manylinux_2_5_x86_64.whl", hash = "sha256:95724e638f0f9c350bb1c2b0a7ad0e83d9cc0c9259f3ea94e40d7b02a2179ae5", size = 184975, upload-time = "2026-01-10T09:23:03.756Z" },
    { url = "https://files.pythonhosted.org/packages/f9/66/27ea52741752f5107c2e41fda05e8395a682a1e11c4e592a809a90c6a506/websockets-16.0-cp313-cp313-manylinux2014_aarch64.manylinux_2_17_aarch64.manylinux_2_28_aarch64.whl", hash = "sha256:c0204dc62a89dc9d50d682412c10b3542d748260d743500a85c13cd1ee4bde82", size = 186203, upload-time = "2026-01-10T09:23:05.01Z" },
    { url = "https://files.pythonhosted.org/packages/37/e5/8e32857371406a757816a2b471939d51c463509be73fa538216ea52b792a/websockets-16.0-cp313-cp313-musllinux_1_2_aarch64.whl", hash = "sha256:52ac480f44d32970d66763115edea932f1c5b1312de36df06d6b219f6741eed8", size = 185653, upload-time = "2026-01-10T09:23:06.301Z" },
    { url = "https://files.pythonhosted.org/packages/9b/67/f926bac29882894669368dc73f4da900fcdf47955d0a0185d60103df5737/websockets-16.0-cp313-cp313-musllinux_1_2_x86_64.whl", hash = "sha256:6e5a82b677f8f6f59e8dfc34ec06ca6b5b48bc4fcda346acd093694cc2c24d8f", size = 184920, upload-time = "2026-01-10T09:23:07.492Z" },
    { url = "https://files.pythonhosted.org/packages/3c/a1/3d6ccdcd125b0a42a311bcd15a7f705d688f73b2a22d8cf1c0875d35d34a/websockets-16.0-cp313-cp313-win32.whl", hash = "sha256:abf050a199613f64c886ea10f38b47770a65154dc37181bfaff70c160f45315a", size = 178255, upload-time = "2026-01-10T09:23:09.245Z" },
    { url = "https://files.pythonhosted.org/packages/6b/ae/90366304d7c2ce80f9b826096a9e9048b4bb760e44d3b873bb272cba696b/websockets-16.0-cp313-cp313-win_amd64.whl", hash = "sha256:3425ac5cf448801335d6fdc7ae1eb22072055417a96cc6b31b3861f455fbc156", size = 178689, upload-time = "2026-01-10T09:23:10.483Z" },
    { url = "https://files.pythonhosted.org/packages/6f/28/258ebab549c2bf3e64d2b0217b973467394a9cea8c42f70418ca2c5d0d2e/websockets-16.0-py3-none-any.whl", hash = "sha256:1637db62fad1dc833276dded54215f2c7fa46912301a24bd94d45d46a011ceec", size = 171598, upload-time = "2026-01-10T09:23:45.395Z" },
]

[[package]]
name = "zipp"
version = "3.23.0"
source = { registry = "https://pypi.org/simple" }
sdist = { url = "https://files.pythonhosted.org/packages/e3/02/0f2892c661036d50ede074e376733dca2ae7c6eb617489437771209d4180/zipp-3.23.0.tar.gz", hash = "sha256:a07157588a12518c9d4034df3fbbee09c814741a33ff63c05fa29d26a2404166", size = 25547, upload-time = "2025-06-08T17:06:39.4Z" }
wheels = [
    { url = "https://files.pythonhosted.org/packages/2e/54/647ade08bf0db230bfea292f893923872fd20be6ac6f53b2b936ba839d75/zipp-3.23.0-py3-none-any.whl", hash = "sha256:071652d6115ed432f5ce1d34c336c0adfd6a884660d1e9712a256d3d3bd4b14e", size = 10276, upload-time = "2025-06-08T17:06:38.034Z" },
]
